Microsoft Visual Studio Solution File, Format Version 12.00
# Visual Studio 2012
Project("{FAE04EC0-301F-11D3-BF4B-00C04F79EFBC}") = "Hug me dudes", "Hug me dudes.csproj", "{EF212BF8-00F6-454B-91B8-7A6F5FBA71E4}"
EndProject
Global
	GlobalSection(SolutionConfigurationPlatforms) = preSolution
	Debug|Any CPU = Debug|Any CPU
	Release|Any CPU = Release|Any CPU
	Tools|Any CPU = Tools|Any CPU
	EndGlobalSection
	GlobalSection(ProjectConfigurationPlatforms) = postSolution
		{EF212BF8-00F6-454B-91B8-7A6F5FBA71E4}.Debug|Any CPU.ActiveCfg = Debug|Any CPU
		{EF212BF8-00F6-454B-91B8-7A6F5FBA71E4}.Debug|Any CPU.Build.0 = Debug|Any CPU
		{EF212BF8-00F6-454B-91B8-7A6F5FBA71E4}.Release|Any CPU.ActiveCfg = Release|Any CPU
		{EF212BF8-00F6-454B-91B8-7A6F5FBA71E4}.Release|Any CPU.Build.0 = Release|Any CPU
		{EF212BF8-00F6-454B-91B8-7A6F5FBA71E4}.Tools|Any CPU.ActiveCfg = Tools|Any CPU
		{EF212BF8-00F6-454B-91B8-7A6F5FBA71E4}.Tools|Any CPU.Build.0 = Tools|Any CPU
	EndGlobalSection
EndGlobal
